schema: '2.0'
stages:
  get_data:
    cmd: python random_data.py
    deps:
    - path: random_data.py
      hash: md5
      md5: 236ff7e7d14089bfe07f4f1e36ff3053
      size: 2553
    outs:
    - path: dummy_sensor_data.csv
      hash: md5
      md5: 0934c18470ebea531857a2e0c8f2ee25
      size: 208200
  process_data:
    cmd: python preprocess.py
    deps:
    - path: dummy_sensor_data.csv
      hash: md5
      md5: 0934c18470ebea531857a2e0c8f2ee25
      size: 208200
    - path: preprocess.py
      hash: md5
      md5: 788f9f2e7ea8d2137d74915275e07213
      size: 1626
  generate_dummy_data:
    cmd: python random_data.py
    deps:
    - path: random_data.py
      hash: md5
      md5: 236ff7e7d14089bfe07f4f1e36ff3053
      size: 2553
    outs:
    - path: dummy_sensor_data.csv
      hash: md5
      md5: 0934c18470ebea531857a2e0c8f2ee25
      size: 208200
